
Microsoft Visual Studio Solution File, Format Version 12.00
# Visual Studio Version 17
VisualStudioVersion = 17.0.31919.166
MinimumVisualStudioVersion = 10.0.40219.1
Project("{FAE04EC0-301F-11D3-BF4B-00C04F79EFBC}") = "StudentLance", "StudentLance.csproj", "{486F6D1D-4B56-4F17-9632-2CD9A0B3EFFB}"
EndProject
Global
	GlobalSection(SolutionConfigurationPlatforms) = preSolution
		Debug|Any CPU = Debug|Any CPU
		Release|Any CPU = Release|Any CPU
	EndGlobalSection
	GlobalSection(ProjectConfigurationPlatforms) = postSolution
		{486F6D1D-4B56-4F17-9632-2CD9A0B3EFFB}.Debug|Any CPU.ActiveCfg = Debug|Any CPU
		{486F6D1D-4B56-4F17-9632-2CD9A0B3EFFB}.Debug|Any CPU.Build.0 = Debug|Any CPU
		{486F6D1D-4B56-4F17-9632-2CD9A0B3EFFB}.Release|Any CPU.ActiveCfg = Release|Any CPU
		{486F6D1D-4B56-4F17-9632-2CD9A0B3EFFB}.Release|Any CPU.Build.0 = Release|Any CPU
	EndGlobalSection
	GlobalSection(SolutionProperties) = preSolution
		HideSolutionNode = FALSE
	EndGlobalSection
	GlobalSection(ExtensibilityGlobals) = postSolution
		SolutionGuid = {B38EAF66-6BF4-483C-AA0F-6469B2F2D52D}
	EndGlobalSection
EndGlobal
